// !$*UTF8*$!
{
	archiveVersion = 1;
	classes = {
	};
	objectVersion = 50;
	objects = {

/* Begin PBXBuildFile section */
		290FDC662595485500C60E7B /* hm_bibi_130_App.swift in Sources */ = {isa = PBXBuildFile; fileRef = 290FDC652595485500C60E7B /* hm_bibi_130_App.swift */; };
		290FDC682595485500C60E7B /* hm1.swift in Sources */ = {isa = PBXBuildFile; fileRef = 290FDC672595485500C60E7B /* hm1.swift */; };
		290FDC6A2595485500C60E7B /* Assets.xcassets in Resources */ = {isa = PBXBuildFile; fileRef = 290FDC692595485500C60E7B /* Assets.xcassets */; };
		290FDC6D2595485500C60E7B /* Preview Assets.xcassets in Resources */ = {isa = PBXBuildFile; fileRef = 290FDC6C2595485500C60E7B /* Preview Assets.xcassets */; };
		290FDD082598A08200C60E7B /* hm2.swift in Sources */ = {isa = PBXBuildFile; fileRef = 290FDD072598A08200C60E7B /* hm2.swift */; };
/* End PBXBuildFile section */

/* Begin PBXFileReference section */
		290FDC622595485500C60E7B /* hm(bibi-130).app */ = {isa = PBXFileReference; explicitFileType = wrapper.application; includeInIndex = 0; path = "hm(bibi-130).app"; sourceTree = BUILT_PRODUCTS_DIR; };
		290FDC652595485500C60E7B /* hm_bibi_130_App.swift */ = {isa = PBXFileReference; lastKnownFileType = sourcecode.swift; path = hm_bibi_130_App.swift; sourceTree = "<group>"; };
		290FDC672595485500C60E7B /* hm1.swift */ = {isa = PBXFileReference; lastKnownFileType = sourcecode.swift; path = hm1.swift; sourceTree = "<group>"; };
		290FDC692595485500C60E7B /* Assets.xcassets */ = {isa = PBXFileReference; lastKnownFileType = folder.assetcatalog; path = Assets.xcassets; sourceTree = "<group>"; };
		290FDC6C2595485500C60E7B /* Preview Assets.xcassets */ = {isa = PBXFileReference; lastKnownFileType = folder.assetcatalog; path = "Preview Assets.xcassets"; sourceTree = "<group>"; };
		290FDC6E2595485500C60E7B /* Info.plist */ = {isa = PBXFileReference; lastKnownFileType = text.plist.xml; path = Info.plist; sourceTree = "<group>"; };
		290FDD072598A08200C60E7B /* hm2.swift */ = {isa = PBXFileReference; lastKnownFileType = sourcecode.swift; path = hm2.swift; sourceTree = "<group>"; };
/* End PBXFileReference section */

/* Begin PBXFrameworksBuildPhase section */
		290FDC5F2595485500C60E7B /* Frameworks */ = {
			isa = PBXFrameworksBuildPhase;
			buildActionMask = 2147483647;
			files = (
			);
			runOnlyForDeploymentPostprocessing = 0;
		};
/* End PBXFrameworksBuildPhase section */

/* Begin PBXGroup section */
		290FDC592595485500C60E7B = {
			isa = PBXGroup;
			children = (
				290FDC642595485500C60E7B /* hm(bibi-130) */,
				290FDC632595485500C60E7B /* Products */,
			);
			sourceTree = "<group>";
		};
		290FDC632595485500C60E7B /* Products */ = {
			isa = PBXGroup;
			children = (
				290FDC622595485500C60E7B /* hm(bibi-130).app */,
			);
			name = Products;
			sourceTree = "<group>";
		};
		290FDC642595485500C60E7B /* hm(bibi-130) */ = {
			isa = PBXGroup;
			children = (
				290FDC652595485500C60E7B /* hm_bibi_130_App.swift */,
				290FDC672595485500C60E7B /* hm1.swift */,
				290FDD072598A08200C60E7B /* hm2.swift */,
				290FDC692595485500C60E7B /* Assets.xcassets */,
				290FDC6E2595485500C60E7B /* Info.plist */,
				290FDC6B2595485500C60E7B /* Preview Content */,
			);
			path = "hm(bibi-130)";
			sourceTree = "<group>";
		};
		290FDC6B2595485500C60E7B /* Preview Content */ = {
			isa = PBXGroup;
			children = (
				290FDC6C2595485500C60E7B /* Preview Assets.xcassets */,
			);
			path = "Preview Content";
			sourceTree = "<group>";
		};
/* End PBXGroup section */

/* Begin PBXNativeTarget section */
		290FDC612595485500C60E7B /* hm(bibi-130) */ = {
			isa = PBXNativeTarget;
			buildConfigurationList = 290FDC712595485500C60E7B /* Build configuration list for PBXNativeTarget "hm(bibi-130)" */;
			buildPhases = (
				290FDC5E2595485500C60E7B /* Sources */,
				290FDC5F2595485500C60E7B /* Frameworks */,
				290FDC602595485500C60E7B /* Resources */,
			);
			buildRules = (
			);
			dependencies = (
			);
			name = "hm(bibi-130)";
			productName = "hm(bibi-130)";
			productReference = 290FDC622595485500C60E7B /* hm(bibi-130).app */;
			productType = "com.apple.product-type.application";
		};
/* End PBXNativeTarget section */

/* Begin PBXProject section */
		290FDC5A2595485500C60E7B /* Project object */ = {
			isa = PBXProject;
			attributes = {
				LastSwiftUpdateCheck = 1230;
				LastUpgradeCheck = 1230;
				TargetAttributes = {
					290FDC612595485500C60E7B = {
						CreatedOnToolsVersion = 12.3;
					};
				};
			};
			buildConfigurationList = 290FDC5D2595485500C60E7B /* Build configuration list for PBXProject "hm(bibi-130)" */;
			compatibilityVersion = "Xcode 9.3";
			developmentRegion = en;
			hasScannedForEncodings = 0;
			knownRegions = (
				en,
				Base,
			);
			mainGroup = 290FDC592595485500C60E7B;
			productRefGroup = 290FDC632595485500C60E7B /* Products */;
			projectDirPath = "";
			projectRoot = "";
			targets = (
				290FDC612595485500C60E7B /* hm(bibi-130) */,
			);
		};
/* End PBXProject section */

/* Begin PBXResourcesBuildPhase section */
		290FDC602595485500C60E7B /* Resources */ = {
			isa = PBXResourcesBuildPhase;
			buildActionMask = 2147483647;
			files = (
				290FDC6D2595485500C60E7B /* Preview Assets.xcassets in Resources */,
				290FDC6A2595485500C60E7B /* Assets.xcassets in Resources */,
			);
			runOnlyForDeploymentPostprocessing = 0;
		};
/* End PBXResourcesBuildPhase section */

/* Begin PBXSourcesBuildPhase section */
		290FDC5E2595485500C60E7B /* Sources */ = {
			isa = PBXSourcesBuildPhase;
			buildActionMask = 2147483647;
			files = (
				290FDC682595485500C60E7B /* hm1.swift in Sources */,
				290FDD082598A08200C60E7B /* hm2.swift in Sources */,
				290FDC662595485500C60E7B /* hm_bibi_130_App.swift in Sources */,
			);
			runOnlyForDeploymentPostprocessing = 0;
		};
/* End PBXSourcesBuildPhase section */

/* Begin XCBuildConfiguration section */
		290FDC6F2595485500C60E7B /* Debug */ = {
			isa = XCBuildConfiguration;
			buildSettings = {
				ALWAYS_SEARCH_USER_PATHS = NO;
				CLANG_ANALYZER_NONNULL = YES;
				CLANG_ANALYZER_NUMBER_OBJECT_CONVERSION = YES_AGGRESSIVE;
				CLANG_CXX_LANGUAGE_STANDARD = "gnu++14";
				CLANG_CXX_LIBRARY = "libc++";
				CLANG_ENABLE_MODULES = YES;
				CLANG_ENABLE_OBJC_ARC = YES;
				CLANG_ENABLE_OBJC_WEAK = YES;
				CLANG_WARN_BLOCK_CAPTURE_AUTORELEASING = YES;
				CLANG_WARN_BOOL_CONVERSION = YES;
				CLANG_WARN_COMMA = YES;
				CLANG_WARN_CONSTANT_CONVERSION = YES;
				CLANG_WARN_DEPRECATED_OBJC_IMPLEMENTATIONS = YES;
				CLANG_WARN_DIRECT_OBJC_ISA_USAGE = YES_ERROR;
				CLANG_WARN_DOCUMENTATION_COMMENTS = YES;
				CLANG_WARN_EMPTY_BODY = YES;
				CLANG_WARN_ENUM_CONVERSION = YES;
				CLANG_WARN_INFINITE_RECURSION = YES;
				CLANG_WARN_INT_CONVERSION = YES;
				CLANG_WARN_NON_LITERAL_NULL_CONVERSION = YES;
				CLANG_WARN_OBJC_IMPLICIT_RETAIN_SELF = YES;
				CLANG_WARN_OBJC_LITERAL_CONVERSION = YES;
				CLANG_WARN_OBJC_ROOT_CLASS = YES_ERROR;
				CLANG_WARN_QUOTED_INCLUDE_IN_FRAMEWORK_HEADER = YES;
				CLANG_WARN_RANGE_LOOP_ANALYSIS = YES;
				CLANG_WARN_STRICT_PROTOTYPES = YES;
				CLANG_WARN_SUSPICIOUS_MOVE = YES;
				CLANG_WARN_UNGUARDED_AVAILABILITY = YES_AGGRESSIVE;
				CLANG_WARN_UNREACHABLE_CODE = YES;
				CLANG_WARN__DUPLICATE_METHOD_MATCH = YES;
				COPY_PHASE_STRIP = NO;
				DEBUG_INFORMATION_FORMAT = dwarf;
				ENABLE_STRICT_OBJC_MSGSEND = YES;
				ENABLE_TESTABILITY = YES;
				GCC_C_LANGUAGE_STANDARD = gnu11;
				GCC_DYNAMIC_NO_PIC = NO;
				GCC_NO_COMMON_BLOCKS = YES;
				GCC_OPTIMIZATION_LEVEL = 0;
				GCC_PREPROCESSOR_DEFINITIONS = (
					"DEBUG=1",
					"$(inherited)",
				);
				GCC_WARN_64_TO_32_BIT_CONVERSION = YES;
				GCC_WARN_ABOUT_RETURN_TYPE = YES_ERROR;
				GCC_WARN_UNDECLARED_SELECTOR = YES;
				GCC_WARN_UNINITIALIZED_AUTOS = YES_AGGRESSIVE;
				GCC_WARN_UNUSED_FUNCTION = YES;
				GCC_WARN_UNUSED_VARIABLE = YES;
				IPHONEOS_DEPLOYMENT_TARGET = 14.3;
				MTL_ENABLE_DEBUG_INFO = INCLUDE_SOURCE;
				MTL_FAST_MATH = YES;
				ONLY_ACTIVE_ARCH = YES;
				SDKROOT = iphoneos;
				SWIFT_ACTIVE_COMPILATION_CONDITIONS = DEBUG;
				SWIFT_OPTIMIZATION_LEVEL = "-Onone";
			};
			name = Debug;
		};
		290FDC702595485500C60E7B /* Release */ = {
			isa = XCBuildConfiguration;
			buildSettings = {
				ALWAYS_SEARCH_USER_PATHS = NO;
				CLANG_ANALYZER_NONNULL = YES;
				CLANG_ANALYZER_NUMBER_OBJECT_CONVERSION = YES_AGGRESSIVE;
				CLANG_CXX_LANGUAGE_STANDARD = "gnu++14";
				CLANG_CXX_LIBRARY = "libc++";
				CLANG_ENABLE_MODULES = YES;
				CLANG_ENABLE_OBJC_ARC = YES;
				CLANG_ENABLE_OBJC_WEAK = YES;
				CLANG_WARN_BLOCK_CAPTURE_AUTORELEASING = YES;
				CLANG_WARN_BOOL_CONVERSION = YES;
				CLANG_WARN_COMMA = YES;
				CLANG_WARN_CONSTANT_CONVERSION = YES;
				CLANG_WARN_DEPRECATED_OBJC_IMPLEMENTATIONS = YES;
				CLANG_WARN_DIRECT_OBJC_ISA_USAGE = YES_ERROR;
				CLANG_WARN_DOCUMENTATION_COMMENTS = YES;
				CLANG_WARN_EMPTY_BODY = YES;
				CLANG_WARN_ENUM_CONVERSION = YES;
				CLANG_WARN_INFINITE_RECURSION = YES;
				CLANG_WARN_INT_CONVERSION = YES;
				CLANG_WARN_NON_LITERAL_NULL_CONVERSION = YES;
				CLANG_WARN_OBJC_IMPLICIT_RETAIN_SELF = YES;
				CLANG_WARN_OBJC_LITERAL_CONVERSION = YES;
				CLANG_WARN_OBJC_ROOT_CLASS = YES_ERROR;
				CLANG_WARN_QUOTED_INCLUDE_IN_FRAMEWORK_HEADER = YES;
				CLANG_WARN_RANGE_LOOP_ANALYSIS = YES;
				CLANG_WARN_STRICT_PROTOTYPES = YES;
				CLANG_WARN_SUSPICIOUS_MOVE = YES;
				CLANG_WARN_UNGUARDED_AVAILABILITY = YES_AGGRESSIVE;
				CLANG_WARN_UNREACHABLE_CODE = YES;
				CLANG_WARN__DUPLICATE_METHOD_MATCH = YES;
				COPY_PHASE_STRIP = NO;
				DEBUG_INFORMATION_FORMAT = "dwarf-with-dsym";
				ENABLE_NS_ASSERTIONS = NO;
				ENABLE_STRICT_OBJC_MSGSEND = YES;
				GCC_C_LANGUAGE_STANDARD = gnu11;
				GCC_NO_COMMON_BLOCKS = YES;
				GCC_WARN_64_TO_32_BIT_CONVERSION = YES;
				GCC_WARN_ABOUT_RETURN_TYPE = YES_ERROR;
				GCC_WARN_UNDECLARED_SELECTOR = YES;
				GCC_WARN_UNINITIALIZED_AUTOS = YES_AGGRESSIVE;
				GCC_WARN_UNUSED_FUNCTION = YES;
				GCC_WARN_UNUSED_VARIABLE = YES;
				IPHONEOS_DEPLOYMENT_TARGET = 14.3;
				MTL_ENABLE_DEBUG_INFO = NO;
				MTL_FAST_MATH = YES;
				SDKROOT = iphoneos;
				SWIFT_COMPILATION_MODE = wholemodule;
				SWIFT_OPTIMIZATION_LEVEL = "-O";
				VALIDATE_PRODUCT = YES;
			};
			name = Release;
		};
		290FDC722595485500C60E7B /* Debug */ = {
			isa = XCBuildConfiguration;
			buildSettings = {
				ASSETCATALOG_COMPILER_APPICON_NAME = AppIcon;
				ASSETCATALOG_COMPILER_GLOBAL_ACCENT_COLOR_NAME = AccentColor;
				CODE_SIGN_STYLE = Automatic;
				DEVELOPMENT_ASSET_PATHS = "\"hm(bibi-130)/Preview Content\"";
				DEVELOPMENT_TEAM = VVK46Y3TM2;
				ENABLE_PREVIEWS = YES;
				INFOPLIST_FILE = "hm(bibi-130)/Info.plist";
				IPHONEOS_DEPLOYMENT_TARGET = 14.0;
				LD_RUNPATH_SEARCH_PATHS = (
					"$(inherited)",
					"@executable_path/Frameworks",
				);
				PRODUCT_BUNDLE_IDENTIFIER = "bibi130.hm-bibi-130-";
				PRODUCT_NAME = "$(TARGET_NAME)";
				SWIFT_VERSION = 5.0;
				TARGETED_DEVICE_FAMILY = "1,2";
			};
			name = Debug;
		};
		290FDC732595485500C60E7B /* Release */ = {
			isa = XCBuildConfiguration;
			buildSettings = {
				ASSETCATALOG_COMPILER_APPICON_NAME = AppIcon;
				ASSETCATALOG_COMPILER_GLOBAL_ACCENT_COLOR_NAME = AccentColor;
				CODE_SIGN_STYLE = Automatic;
				DEVELOPMENT_ASSET_PATHS = "\"hm(bibi-130)/Preview Content\"";
				DEVELOPMENT_TEAM = VVK46Y3TM2;
				ENABLE_PREVIEWS = YES;
				INFOPLIST_FILE = "hm(bibi-130)/Info.plist";
				IPHONEOS_DEPLOYMENT_TARGET = 14.0;
				LD_RUNPATH_SEARCH_PATHS = (
					"$(inherited)",
					"@executable_path/Frameworks",
				);
				PRODUCT_BUNDLE_IDENTIFIER = "bibi130.hm-bibi-130-";
				PRODUCT_NAME = "$(TARGET_NAME)";
				SWIFT_VERSION = 5.0;
				TARGETED_DEVICE_FAMILY = "1,2";
			};
			name = Release;
		};
/* End XCBuildConfiguration section */

/* Begin XCConfigurationList section */
		290FDC5D2595485500C60E7B /* Build configuration list for PBXProject "hm(bibi-130)" */ = {
			isa = XCConfigurationList;
			buildConfigurations = (
				290FDC6F2595485500C60E7B /* Debug */,
				290FDC702595485500C60E7B /* Release */,
			);
			defaultConfigurationIsVisible = 0;
			defaultConfigurationName = Release;
		};
		290FDC712595485500C60E7B /* Build configuration list for PBXNativeTarget "hm(bibi-130)" */ = {
			isa = XCConfigurationList;
			buildConfigurations = (
				290FDC722595485500C60E7B /* Debug */,
				290FDC732595485500C60E7B /* Release */,
			);
			defaultConfigurationIsVisible = 0;
			defaultConfigurationName = Release;
		};
/* End XCConfigurationList section */
	};
	rootObject = 290FDC5A2595485500C60E7B /* Project object */;
}
